
Microsoft Visual Studio Solution File, Format Version 12.00
# Visual Studio Version 17
VisualStudioVersion = 17.0.31903.59
MinimumVisualStudioVersion = 10.0.40219.1
Project("{2150E333-8FDC-42A3-9474-1A3956D46DE8}") = "src", "src", "{8D320097-59FF-4ED4-AE09-508D8127AC4C}"
EndProject
Project("{2150E333-8FDC-42A3-9474-1A3956D46DE8}") = "test", "test", "{78707A71-A109-43B7-9348-EBE0B9155A8B}"
EndProject
Project("{FAE04EC0-301F-11D3-BF4B-00C04F79EFBC}") = "Scafsln.Cli", "src\Scafsln.Cli\Scafsln.Cli.csproj", "{69B9B4CA-CE43-48B7-89CF-7CEAFE35E263}"
EndProject
Project("{FAE04EC0-301F-11D3-BF4B-00C04F79EFBC}") = "Scafsln.Cli.Tests", "tests\Scafsln.Cli.Tests\Scafsln.Cli.Tests.csproj", "{AB350751-446F-417A-B12E-23E37E465D27}"
EndProject
Global
	GlobalSection(SolutionConfigurationPlatforms) = preSolution
		Debug|Any CPU = Debug|Any CPU
		Release|Any CPU = Release|Any CPU
	EndGlobalSection
	GlobalSection(SolutionProperties) = preSolution
		HideSolutionNode = FALSE
	EndGlobalSection
	GlobalSection(ProjectConfigurationPlatforms) = postSolution
		{69B9B4CA-CE43-48B7-89CF-7CEAFE35E263}.Debug|Any CPU.ActiveCfg = Debug|Any CPU
		{69B9B4CA-CE43-48B7-89CF-7CEAFE35E263}.Debug|Any CPU.Build.0 = Debug|Any CPU
		{69B9B4CA-CE43-48B7-89CF-7CEAFE35E263}.Release|Any CPU.ActiveCfg = Release|Any CPU
		{69B9B4CA-CE43-48B7-89CF-7CEAFE35E263}.Release|Any CPU.Build.0 = Release|Any CPU
		{AB350751-446F-417A-B12E-23E37E465D27}.Debug|Any CPU.ActiveCfg = Debug|Any CPU
		{AB350751-446F-417A-B12E-23E37E465D27}.Debug|Any CPU.Build.0 = Debug|Any CPU
		{AB350751-446F-417A-B12E-23E37E465D27}.Release|Any CPU.ActiveCfg = Release|Any CPU
		{AB350751-446F-417A-B12E-23E37E465D27}.Release|Any CPU.Build.0 = Release|Any CPU
	EndGlobalSection
	GlobalSection(NestedProjects) = preSolution
		{69B9B4CA-CE43-48B7-89CF-7CEAFE35E263} = {8D320097-59FF-4ED4-AE09-508D8127AC4C}
		{AB350751-446F-417A-B12E-23E37E465D27} = {78707A71-A109-43B7-9348-EBE0B9155A8B}
	EndGlobalSection
EndGlobal
